
Microsoft Visual Studio Solution File, Format Version 11.00
# Visual Studio 2010
Project("{FAE04EC0-301F-11D3-BF4B-00C04F79EFBC}") = "Web", "Web\Web.csproj", "{7D75E14D-8A52-4F33-B998-704BA4CFFE2A}"
EndProject
Project("{FAE04EC0-301F-11D3-BF4B-00C04F79EFBC}") = "Tests", "Tests\Tests.csproj", "{A417FEDB-0915-46B5-99F7-9F3E2167A069}"
EndProject
Project("{2150E333-8FDC-42A3-9474-1A3956D46DE8}") = "Solution Items", "Solution Items", "{6A8F3DB1-557F-4302-91DC-93565E669583}"
	ProjectSection(SolutionItems) = preProject
		Local.testsettings = Local.testsettings
		TraceAndTestImpact.testsettings = TraceAndTestImpact.testsettings
	EndProjectSection
EndProject
Global
	GlobalSection(TestCaseManagementSettings) = postSolution
		CategoryFile = Web.vsmdi
	EndGlobalSection
	GlobalSection(SolutionConfigurationPlatforms) = preSolution
		Debug|Any CPU = Debug|Any CPU
		Release|Any CPU = Release|Any CPU
	EndGlobalSection
	GlobalSection(ProjectConfigurationPlatforms) = postSolution
		{7D75E14D-8A52-4F33-B998-704BA4CFFE2A}.Debug|Any CPU.ActiveCfg = Debug|Any CPU
		{7D75E14D-8A52-4F33-B998-704BA4CFFE2A}.Debug|Any CPU.Build.0 = Debug|Any CPU
		{7D75E14D-8A52-4F33-B998-704BA4CFFE2A}.Release|Any CPU.ActiveCfg = Release|Any CPU
		{7D75E14D-8A52-4F33-B998-704BA4CFFE2A}.Release|Any CPU.Build.0 = Release|Any CPU
		{A417FEDB-0915-46B5-99F7-9F3E2167A069}.Debug|Any CPU.ActiveCfg = Debug|Any CPU
		{A417FEDB-0915-46B5-99F7-9F3E2167A069}.Debug|Any CPU.Build.0 = Debug|Any CPU
		{A417FEDB-0915-46B5-99F7-9F3E2167A069}.Release|Any CPU.ActiveCfg = Release|Any CPU
		{A417FEDB-0915-46B5-99F7-9F3E2167A069}.Release|Any CPU.Build.0 = Release|Any CPU
	EndGlobalSection
	GlobalSection(SolutionProperties) = preSolution
		HideSolutionNode = FALSE
	EndGlobalSection
EndGlobal
